
Microsoft Visual Studio Solution File, Format Version 12.00
# Visual Studio Version 17
VisualStudioVersion = 17.6.33801.468
MinimumVisualStudioVersion = 10.0.40219.1
Project("{2150E333-8FDC-42A3-9474-1A3956D46DE8}") = "1 - Presentation", "1 - Presentation", "{F7CBB393-C309-490F-B821-2ADB7A1C036D}"
EndProject
Project("{2150E333-8FDC-42A3-9474-1A3956D46DE8}") = "2 - Application", "2 - Application", "{CD615A58-C5F4-4E4B-9E58-2FE6602EC054}"
EndProject
Project("{2150E333-8FDC-42A3-9474-1A3956D46DE8}") = "3 - Domain", "3 - Domain", "{CE09AC99-B6AB-4581-AE64-E13AA550E209}"
EndProject
Project("{2150E333-8FDC-42A3-9474-1A3956D46DE8}") = "4 - Infra", "4 - Infra", "{BFF13EB1-1EEA-46EC-A1C5-06CC67F91A67}"
EndProject
Project("{9A19103F-16F7-4668-BE54-9A1E7A4F7556}") = "Domain", "Domain\Domain.csproj", "{F19E5AE0-D002-4C86-821F-CA411336189B}"
EndProject
Project("{9A19103F-16F7-4668-BE54-9A1E7A4F7556}") = "Infra", "Infra\Infra.csproj", "{23A8AB59-AD99-4EE7-A71B-F5B0FBCF6AF8}"
EndProject
Project("{9A19103F-16F7-4668-BE54-9A1E7A4F7556}") = "Application", "Application\Application.csproj", "{90050189-CC15-457A-8254-B96C46ACA72E}"
EndProject
Project("{9A19103F-16F7-4668-BE54-9A1E7A4F7556}") = "ECommerce1", "ECommerce1\ECommerce1.csproj", "{D065567B-9DB3-47B0-B844-053A131661AD}"
EndProject
Project("{2150E333-8FDC-42A3-9474-1A3956D46DE8}") = "5 - Test", "5 - Test", "{5AB1F866-4CCF-4138-B48B-A75F4A490C80}"
EndProject
Project("{9A19103F-16F7-4668-BE54-9A1E7A4F7556}") = "Test_EcommerceDDD", "Test_EcommerceDDD\Test_EcommerceDDD.csproj", "{BDB434E1-A3D0-487F-815D-D1595B55AAF7}"
EndProject
Project("{9A19103F-16F7-4668-BE54-9A1E7A4F7556}") = "WebSiteApis", "WebSiteApis\WebSiteApis.csproj", "{C8FD44AD-5D11-4542-ABEF-811D6D405C8A}"
EndProject
Project("{9A19103F-16F7-4668-BE54-9A1E7A4F7556}") = "ConsumoAPI", "ConsumoAPI\ConsumoAPI.csproj", "{BCE11F7E-33DA-47ED-9B47-2B766D0BEDAF}"
EndProject
Project("{2150E333-8FDC-42A3-9474-1A3956D46DE8}") = "6 - HelpConfig", "6 - HelpConfig", "{728ADF4E-9FEC-48E2-AC91-18B0FA097F28}"
EndProject
Project("{9A19103F-16F7-4668-BE54-9A1E7A4F7556}") = "HelpConfig", "HelpConfig\HelpConfig.csproj", "{CBB53437-AE43-4494-A601-D6F812951815}"
EndProject
Global
	GlobalSection(SolutionConfigurationPlatforms) = preSolution
		Debug|Any CPU = Debug|Any CPU
		Release|Any CPU = Release|Any CPU
	EndGlobalSection
	GlobalSection(ProjectConfigurationPlatforms) = postSolution
		{F19E5AE0-D002-4C86-821F-CA411336189B}.Debug|Any CPU.ActiveCfg = Debug|Any CPU
		{F19E5AE0-D002-4C86-821F-CA411336189B}.Debug|Any CPU.Build.0 = Debug|Any CPU
		{F19E5AE0-D002-4C86-821F-CA411336189B}.Release|Any CPU.ActiveCfg = Release|Any CPU
		{F19E5AE0-D002-4C86-821F-CA411336189B}.Release|Any CPU.Build.0 = Release|Any CPU
		{23A8AB59-AD99-4EE7-A71B-F5B0FBCF6AF8}.Debug|Any CPU.ActiveCfg = Debug|Any CPU
		{23A8AB59-AD99-4EE7-A71B-F5B0FBCF6AF8}.Debug|Any CPU.Build.0 = Debug|Any CPU
		{23A8AB59-AD99-4EE7-A71B-F5B0FBCF6AF8}.Release|Any CPU.ActiveCfg = Release|Any CPU
		{23A8AB59-AD99-4EE7-A71B-F5B0FBCF6AF8}.Release|Any CPU.Build.0 = Release|Any CPU
		{90050189-CC15-457A-8254-B96C46ACA72E}.Debug|Any CPU.ActiveCfg = Debug|Any CPU
		{90050189-CC15-457A-8254-B96C46ACA72E}.Debug|Any CPU.Build.0 = Debug|Any CPU
		{90050189-CC15-457A-8254-B96C46ACA72E}.Release|Any CPU.ActiveCfg = Release|Any CPU
		{90050189-CC15-457A-8254-B96C46ACA72E}.Release|Any CPU.Build.0 = Release|Any CPU
		{D065567B-9DB3-47B0-B844-053A131661AD}.Debug|Any CPU.ActiveCfg = Debug|Any CPU
		{D065567B-9DB3-47B0-B844-053A131661AD}.Debug|Any CPU.Build.0 = Debug|Any CPU
		{D065567B-9DB3-47B0-B844-053A131661AD}.Release|Any CPU.ActiveCfg = Release|Any CPU
		{D065567B-9DB3-47B0-B844-053A131661AD}.Release|Any CPU.Build.0 = Release|Any CPU
		{BDB434E1-A3D0-487F-815D-D1595B55AAF7}.Debug|Any CPU.ActiveCfg = Debug|Any CPU
		{BDB434E1-A3D0-487F-815D-D1595B55AAF7}.Debug|Any CPU.Build.0 = Debug|Any CPU
		{BDB434E1-A3D0-487F-815D-D1595B55AAF7}.Release|Any CPU.ActiveCfg = Release|Any CPU
		{BDB434E1-A3D0-487F-815D-D1595B55AAF7}.Release|Any CPU.Build.0 = Release|Any CPU
		{C8FD44AD-5D11-4542-ABEF-811D6D405C8A}.Debug|Any CPU.ActiveCfg = Debug|Any CPU
		{C8FD44AD-5D11-4542-ABEF-811D6D405C8A}.Debug|Any CPU.Build.0 = Debug|Any CPU
		{C8FD44AD-5D11-4542-ABEF-811D6D405C8A}.Release|Any CPU.ActiveCfg = Release|Any CPU
		{C8FD44AD-5D11-4542-ABEF-811D6D405C8A}.Release|Any CPU.Build.0 = Release|Any CPU
		{BCE11F7E-33DA-47ED-9B47-2B766D0BEDAF}.Debug|Any CPU.ActiveCfg = Debug|Any CPU
		{BCE11F7E-33DA-47ED-9B47-2B766D0BEDAF}.Debug|Any CPU.Build.0 = Debug|Any CPU
		{BCE11F7E-33DA-47ED-9B47-2B766D0BEDAF}.Release|Any CPU.ActiveCfg = Release|Any CPU
		{BCE11F7E-33DA-47ED-9B47-2B766D0BEDAF}.Release|Any CPU.Build.0 = Release|Any CPU
		{CBB53437-AE43-4494-A601-D6F812951815}.Debug|Any CPU.ActiveCfg = Debug|Any CPU
		{CBB53437-AE43-4494-A601-D6F812951815}.Debug|Any CPU.Build.0 = Debug|Any CPU
		{CBB53437-AE43-4494-A601-D6F812951815}.Release|Any CPU.ActiveCfg = Release|Any CPU
		{CBB53437-AE43-4494-A601-D6F812951815}.Release|Any CPU.Build.0 = Release|Any CPU
	EndGlobalSection
	GlobalSection(SolutionProperties) = preSolution
		HideSolutionNode = FALSE
	EndGlobalSection
	GlobalSection(NestedProjects) = preSolution
		{F19E5AE0-D002-4C86-821F-CA411336189B} = {CE09AC99-B6AB-4581-AE64-E13AA550E209}
		{23A8AB59-AD99-4EE7-A71B-F5B0FBCF6AF8} = {BFF13EB1-1EEA-46EC-A1C5-06CC67F91A67}
		{90050189-CC15-457A-8254-B96C46ACA72E} = {CD615A58-C5F4-4E4B-9E58-2FE6602EC054}
		{D065567B-9DB3-47B0-B844-053A131661AD} = {F7CBB393-C309-490F-B821-2ADB7A1C036D}
		{BDB434E1-A3D0-487F-815D-D1595B55AAF7} = {5AB1F866-4CCF-4138-B48B-A75F4A490C80}
		{C8FD44AD-5D11-4542-ABEF-811D6D405C8A} = {F7CBB393-C309-490F-B821-2ADB7A1C036D}
		{BCE11F7E-33DA-47ED-9B47-2B766D0BEDAF} = {5AB1F866-4CCF-4138-B48B-A75F4A490C80}
		{CBB53437-AE43-4494-A601-D6F812951815} = {728ADF4E-9FEC-48E2-AC91-18B0FA097F28}
	EndGlobalSection
	GlobalSection(ExtensibilityGlobals) = postSolution
		SolutionGuid = {5E90F7A6-CFA0-404C-833E-13BC78FC4DA8}
	EndGlobalSection
EndGlobal
